// !$*UTF8*$!
{
	archiveVersion = 1;
	classes = {
	};
	objectVersion = 56;
	objects = {

/* Begin PBXBuildFile section */
		3001D41A2BF04FBC00652C6B /* Launch Screen.storyboard in Resources */ = {isa = PBXBuildFile; fileRef = 3001D4192BF04FBC00652C6B /* Launch Screen.storyboard */; };
		3001D41E2BF0539A00652C6B /* CKManager.swift in Sources */ = {isa = PBXBuildFile; fileRef = 3001D41D2BF0539A00652C6B /* CKManager.swift */; };
		300BE2832C1926CE00C4FD6F /* EntrantView.swift in Sources */ = {isa = PBXBuildFile; fileRef = 300BE2822C1926CE00C4FD6F /* EntrantView.swift */; };
		301195252BEFFFBD00544510 /* CSVParser.swift in Sources */ = {isa = PBXBuildFile; fileRef = 301195242BEFFFBD00544510 /* CSVParser.swift */; };
		301195272BF00B1200544510 /* UploadManager.swift in Sources */ = {isa = PBXBuildFile; fileRef = 301195262BF00B1200544510 /* UploadManager.swift */; };
		3011952A2BF019E300544510 /* ListView.swift in Sources */ = {isa = PBXBuildFile; fileRef = 301195292BF019E300544510 /* ListView.swift */; };
		3019E5972BFA8E7400A0F886 /* ScanView.swift in Sources */ = {isa = PBXBuildFile; fileRef = 3019E5962BFA8E7400A0F886 /* ScanView.swift */; };
		3019E5992BFA949100A0F886 /* ActionView.swift in Sources */ = {isa = PBXBuildFile; fileRef = 3019E5982BFA949100A0F886 /* ActionView.swift */; };
		3021FF002BFEE9EF00C036A6 /* stuy_logo.png in Resources */ = {isa = PBXBuildFile; fileRef = 3021FEFF2BFEE9EE00C036A6 /* stuy_logo.png */; };
		302769A22AEDE02500B33074 /* TicketCatcherApp.swift in Sources */ = {isa = PBXBuildFile; fileRef = 302769A12AEDE02500B33074 /* TicketCatcherApp.swift */; };
		302769A42AEDE02500B33074 /* ContentView.swift in Sources */ = {isa = PBXBuildFile; fileRef = 302769A32AEDE02500B33074 /* ContentView.swift */; };
		302769A62AEDE02600B33074 /* Assets.xcassets in Resources */ = {isa = PBXBuildFile; fileRef = 302769A52AEDE02600B33074 /* Assets.xcassets */; };
		302769A92AEDE02600B33074 /* Preview Assets.xcassets in Resources */ = {isa = PBXBuildFile; fileRef = 302769A82AEDE02600B33074 /* Preview Assets.xcassets */; };
		302769D32AEDE79200B33074 /* CameraController.swift in Sources */ = {isa = PBXBuildFile; fileRef = 302769D22AEDE79200B33074 /* CameraController.swift */; };
		302ACBC62BEF0DE000791571 /* CameraView.swift in Sources */ = {isa = PBXBuildFile; fileRef = 302ACBC52BEF0DE000791571 /* CameraView.swift */; };
		302ACBCA2BEF0DF300791571 /* BarcodeIconView.swift in Sources */ = {isa = PBXBuildFile; fileRef = 302ACBC92BEF0DF300791571 /* BarcodeIconView.swift */; };
		3034EDB32C125ADA000F7CBC /* SchemaEditorView.swift in Sources */ = {isa = PBXBuildFile; fileRef = 3034EDB22C125ADA000F7CBC /* SchemaEditorView.swift */; };
		3034EDB52C1282D7000F7CBC /* SchemaTotalView.swift in Sources */ = {isa = PBXBuildFile; fileRef = 3034EDB42C1282D7000F7CBC /* SchemaTotalView.swift */; };
		3034EDB72C1286E8000F7CBC /* UserView.swift in Sources */ = {isa = PBXBuildFile; fileRef = 3034EDB62C1286E8000F7CBC /* UserView.swift */; };
		3034EDB92C129668000F7CBC /* CKOperations.swift in Sources */ = {isa = PBXBuildFile; fileRef = 3034EDB82C129668000F7CBC /* CKOperations.swift */; };
		3036807D2BF0487200509514 /* BarcodeValidator.swift in Sources */ = {isa = PBXBuildFile; fileRef = 3036807C2BF0487200509514 /* BarcodeValidator.swift */; };
		304321772BEFEC6600EDF9D2 /* UploadSheet.swift in Sources */ = {isa = PBXBuildFile; fileRef = 304321762BEFEC6600EDF9D2 /* UploadSheet.swift */; };
		304BC2B72BF10F8100701726 /* .gitignore in Resources */ = {isa = PBXBuildFile; fileRef = 304BC2B62BF10F8100701726 /* .gitignore */; };
		304BC2B92BF1118D00701726 /* Secrets.swift in Sources */ = {isa = PBXBuildFile; fileRef = 304BC2B82BF1118D00701726 /* Secrets.swift */; };
		305253222BFEC44E008CE450 /* SwiftSMTP in Frameworks */ = {isa = PBXBuildFile; productRef = 305253212BFEC44E008CE450 /* SwiftSMTP */; };
		305253252BFEC48E008CE450 /* SendIt.swift in Sources */ = {isa = PBXBuildFile; fileRef = 305253242BFEC48E008CE450 /* SendIt.swift */; };
		3053DEF02BF1C1BE00239BB0 /* BarcodeSheet.swift in Sources */ = {isa = PBXBuildFile; fileRef = 3053DEEF2BF1C1BE00239BB0 /* BarcodeSheet.swift */; };
		3058AB192BF2CF3400AEF971 /* AdmitView.swift in Sources */ = {isa = PBXBuildFile; fileRef = 3058AB182BF2CF3400AEF971 /* AdmitView.swift */; };
		305BBB1C2D6D470700AE29C6 /* EventAdminView.swift in Sources */ = {isa = PBXBuildFile; fileRef = 305BBB1B2D6D470700AE29C6 /* EventAdminView.swift */; };
		305BBB1E2D6D5DD900AE29C6 /* OperatorsView.swift in Sources */ = {isa = PBXBuildFile; fileRef = 305BBB1D2D6D5DD900AE29C6 /* OperatorsView.swift */; };
		305BBB202D6D6AC500AE29C6 /* SendMethodSheet.swift in Sources */ = {isa = PBXBuildFile; fileRef = 305BBB1F2D6D6AC500AE29C6 /* SendMethodSheet.swift */; };
		305BBB222D6D784E00AE29C6 /* ControlsView.swift in Sources */ = {isa = PBXBuildFile; fileRef = 305BBB212D6D784E00AE29C6 /* ControlsView.swift */; };
		307734EC2C0B893B000743D4 /* CKFetcher.swift in Sources */ = {isa = PBXBuildFile; fileRef = 307734EB2C0B893B000743D4 /* CKFetcher.swift */; };
		307A97252BF17C80007193D3 /* LogView.swift in Sources */ = {isa = PBXBuildFile; fileRef = 307A97242BF17C80007193D3 /* LogView.swift */; };
		309844DD2BFCEFE300DDA15F /* DistributeView.swift in Sources */ = {isa = PBXBuildFile; fileRef = 309844DC2BFCEFE300DDA15F /* DistributeView.swift */; };
		30B47D012C0C06F100DB5A08 /* AuthManager.swift in Sources */ = {isa = PBXBuildFile; fileRef = 30B47D002C0C06F100DB5A08 /* AuthManager.swift */; };
		30B5C90D2BF1053800F12B4C /* AddSheet.swift in Sources */ = {isa = PBXBuildFile; fileRef = 30B5C90C2BF1053800F12B4C /* AddSheet.swift */; };
		30FC261B2C17E15900A3BB3C /* ColorBGView.swift in Sources */ = {isa = PBXBuildFile; fileRef = 30FC261A2C17E15900A3BB3C /* ColorBGView.swift */; };
/* End PBXBuildFile section */

/* Begin PBXCopyFilesBuildPhase section */
		301E9FB62C0AF23C0091008A /* Embed Foundation Extensions */ = {
			isa = PBXCopyFilesBuildPhase;
			buildActionMask = 2147483647;
			dstPath = "";
			dstSubfolderSpec = 13;
			files = (
			);
			name = "Embed Foundation Extensions";
			runOnlyForDeploymentPostprocessing = 0;
		};
/* End PBXCopyFilesBuildPhase section */

/* Begin PBXFileReference section */
		3001D4192BF04FBC00652C6B /* Launch Screen.storyboard */ = {isa = PBXFileReference; lastKnownFileType = file.storyboard; path = "Launch Screen.storyboard"; sourceTree = "<group>"; };
		3001D41D2BF0539A00652C6B /* CKManager.swift */ = {isa = PBXFileReference; lastKnownFileType = sourcecode.swift; path = CKManager.swift; sourceTree = "<group>"; };
		300BE2822C1926CE00C4FD6F /* EntrantView.swift */ = {isa = PBXFileReference; lastKnownFileType = sourcecode.swift; path = EntrantView.swift; sourceTree = "<group>"; };
		301195242BEFFFBD00544510 /* CSVParser.swift */ = {isa = PBXFileReference; lastKnownFileType = sourcecode.swift; path = CSVParser.swift; sourceTree = "<group>"; };
		301195262BF00B1200544510 /* UploadManager.swift */ = {isa = PBXFileReference; lastKnownFileType = sourcecode.swift; path = UploadManager.swift; sourceTree = "<group>"; };
		301195292BF019E300544510 /* ListView.swift */ = {isa = PBXFileReference; lastKnownFileType = sourcecode.swift; path = ListView.swift; sourceTree = "<group>"; };
		3019E5962BFA8E7400A0F886 /* ScanView.swift */ = {isa = PBXFileReference; lastKnownFileType = sourcecode.swift; path = ScanView.swift; sourceTree = "<group>"; };
		3019E5982BFA949100A0F886 /* ActionView.swift */ = {isa = PBXFileReference; fileEncoding = 4; lastKnownFileType = sourcecode.swift; path = ActionView.swift; sourceTree = "<group>"; };
		301E9F642C0AED410091008A /* WidgetKit.framework */ = {isa = PBXFileReference; lastKnownFileType = wrapper.framework; name = WidgetKit.framework; path = System/Library/Frameworks/WidgetKit.framework; sourceTree = SDKROOT; };
		301E9F662C0AED410091008A /* SwiftUI.framework */ = {isa = PBXFileReference; lastKnownFileType = wrapper.framework; name = SwiftUI.framework; path = System/Library/Frameworks/SwiftUI.framework; sourceTree = SDKROOT; };
		3021FEFF2BFEE9EE00C036A6 /* stuy_logo.png */ = {isa = PBXFileReference; lastKnownFileType = image.png; path = stuy_logo.png; sourceTree = "<group>"; };
		3027699E2AEDE02500B33074 /* TicketCatcher.app */ = {isa = PBXFileReference; explicitFileType = wrapper.application; includeInIndex = 0; path = TicketCatcher.app; sourceTree = BUILT_PRODUCTS_DIR; };
		302769A12AEDE02500B33074 /* TicketCatcherApp.swift */ = {isa = PBXFileReference; lastKnownFileType = sourcecode.swift; path = TicketCatcherApp.swift; sourceTree = "<group>"; };
		302769A32AEDE02500B33074 /* ContentView.swift */ = {isa = PBXFileReference; lastKnownFileType = sourcecode.swift; path = ContentView.swift; sourceTree = "<group>"; };
		302769A52AEDE02600B33074 /* Assets.xcassets */ = {isa = PBXFileReference; lastKnownFileType = folder.assetcatalog; path = Assets.xcassets; sourceTree = "<group>"; };
		302769A82AEDE02600B33074 /* Preview Assets.xcassets */ = {isa = PBXFileReference; lastKnownFileType = folder.assetcatalog; path = "Preview Assets.xcassets"; sourceTree = "<group>"; };
		302769AF2AEDE02600B33074 /* TicketCatcher.entitlements */ = {isa = PBXFileReference; lastKnownFileType = text.plist.entitlements; path = TicketCatcher.entitlements; sourceTree = "<group>"; };
		302769B02AEDE02600B33074 /* Info.plist */ = {isa = PBXFileReference; lastKnownFileType = text.plist.xml; path = Info.plist; sourceTree = "<group>"; };
		302769D22AEDE79200B33074 /* CameraController.swift */ = {isa = PBXFileReference; lastKnownFileType = sourcecode.swift; path = CameraController.swift; sourceTree = "<group>"; };
		302ACBC52BEF0DE000791571 /* CameraView.swift */ = {isa = PBXFileReference; lastKnownFileType = sourcecode.swift; path = CameraView.swift; sourceTree = "<group>"; };
		302ACBC92BEF0DF300791571 /* BarcodeIconView.swift */ = {isa = PBXFileReference; lastKnownFileType = sourcecode.swift; path = BarcodeIconView.swift; sourceTree = "<group>"; };
		3034EDB22C125ADA000F7CBC /* SchemaEditorView.swift */ = {isa = PBXFileReference; lastKnownFileType = sourcecode.swift; path = SchemaEditorView.swift; sourceTree = "<group>"; };
		3034EDB42C1282D7000F7CBC /* SchemaTotalView.swift */ = {isa = PBXFileReference; lastKnownFileType = sourcecode.swift; path = SchemaTotalView.swift; sourceTree = "<group>"; };
		3034EDB62C1286E8000F7CBC /* UserView.swift */ = {isa = PBXFileReference; lastKnownFileType = sourcecode.swift; path = UserView.swift; sourceTree = "<group>"; };
		3034EDB82C129668000F7CBC /* CKOperations.swift */ = {isa = PBXFileReference; lastKnownFileType = sourcecode.swift; path = CKOperations.swift; sourceTree = "<group>"; };
		3036807C2BF0487200509514 /* BarcodeValidator.swift */ = {isa = PBXFileReference; lastKnownFileType = sourcecode.swift; path = BarcodeValidator.swift; sourceTree = "<group>"; };
		304321762BEFEC6600EDF9D2 /* UploadSheet.swift */ = {isa = PBXFileReference; lastKnownFileType = sourcecode.swift; path = UploadSheet.swift; sourceTree = "<group>"; };
		304BC2B62BF10F8100701726 /* .gitignore */ = {isa = PBXFileReference; lastKnownFileType = text; path = .gitignore; sourceTree = "<group>"; };
		304BC2B82BF1118D00701726 /* Secrets.swift */ = {isa = PBXFileReference; lastKnownFileType = sourcecode.swift; path = Secrets.swift; sourceTree = "<group>"; };
		305253242BFEC48E008CE450 /* SendIt.swift */ = {isa = PBXFileReference; lastKnownFileType = sourcecode.swift; path = SendIt.swift; sourceTree = "<group>"; };
		3053DEEF2BF1C1BE00239BB0 /* BarcodeSheet.swift */ = {isa = PBXFileReference; lastKnownFileType = sourcecode.swift; path = BarcodeSheet.swift; sourceTree = "<group>"; };
		3058AB182BF2CF3400AEF971 /* AdmitView.swift */ = {isa = PBXFileReference; lastKnownFileType = sourcecode.swift; path = AdmitView.swift; sourceTree = "<group>"; };
		305BBB1B2D6D470700AE29C6 /* EventAdminView.swift */ = {isa = PBXFileReference; lastKnownFileType = sourcecode.swift; path = EventAdminView.swift; sourceTree = "<group>"; };
		305BBB1D2D6D5DD900AE29C6 /* OperatorsView.swift */ = {isa = PBXFileReference; lastKnownFileType = sourcecode.swift; path = OperatorsView.swift; sourceTree = "<group>"; };
		305BBB1F2D6D6AC500AE29C6 /* SendMethodSheet.swift */ = {isa = PBXFileReference; lastKnownFileType = sourcecode.swift; path = SendMethodSheet.swift; sourceTree = "<group>"; };
		305BBB212D6D784E00AE29C6 /* ControlsView.swift */ = {isa = PBXFileReference; lastKnownFileType = sourcecode.swift; path = ControlsView.swift; sourceTree = "<group>"; };
		3075FBAD2BF43FEA00260395 /* Privacy Policy.md */ = {isa = PBXFileReference; lastKnownFileType = net.daringfireball.markdown; path = "Privacy Policy.md"; sourceTree = "<group>"; };
		307734EB2C0B893B000743D4 /* CKFetcher.swift */ = {isa = PBXFileReference; lastKnownFileType = sourcecode.swift; path = CKFetcher.swift; sourceTree = "<group>"; };
		307A97242BF17C80007193D3 /* LogView.swift */ = {isa = PBXFileReference; lastKnownFileType = sourcecode.swift; path = LogView.swift; sourceTree = "<group>"; };
		309844DC2BFCEFE300DDA15F /* DistributeView.swift */ = {isa = PBXFileReference; lastKnownFileType = sourcecode.swift; path = DistributeView.swift; sourceTree = "<group>"; };
		30B47D002C0C06F100DB5A08 /* AuthManager.swift */ = {isa = PBXFileReference; lastKnownFileType = sourcecode.swift; path = AuthManager.swift; sourceTree = "<group>"; };
		30B5C90C2BF1053800F12B4C /* AddSheet.swift */ = {isa = PBXFileReference; lastKnownFileType = sourcecode.swift; path = AddSheet.swift; sourceTree = "<group>"; };
		30BD5B4E2C692A4F00F21615 /* TicketCatcherDebug.entitlements */ = {isa = PBXFileReference; lastKnownFileType = text.plist.entitlements; path = TicketCatcherDebug.entitlements; sourceTree = "<group>"; };
		30FC261A2C17E15900A3BB3C /* ColorBGView.swift */ = {isa = PBXFileReference; lastKnownFileType = sourcecode.swift; path = ColorBGView.swift; sourceTree = "<group>"; };
/* End PBXFileReference section */

/* Begin PBXFrameworksBuildPhase section */
		3027699B2AEDE02500B33074 /* Frameworks */ = {
			isa = PBXFrameworksBuildPhase;
			buildActionMask = 2147483647;
			files = (
				305253222BFEC44E008CE450 /* SwiftSMTP in Frameworks */,
			);
			runOnlyForDeploymentPostprocessing = 0;
		};
/* End PBXFrameworksBuildPhase section */

/* Begin PBXGroup section */
		3019E59A2BFA9BC200A0F886 /* Views */ = {
			isa = PBXGroup;
			children = (
				3019E5962BFA8E7400A0F886 /* ScanView.swift */,
				30FC261A2C17E15900A3BB3C /* ColorBGView.swift */,
				301195292BF019E300544510 /* ListView.swift */,
				307A97242BF17C80007193D3 /* LogView.swift */,
				3034EDB62C1286E8000F7CBC /* UserView.swift */,
				305BBB1D2D6D5DD900AE29C6 /* OperatorsView.swift */,
				305BBB212D6D784E00AE29C6 /* ControlsView.swift */,
				305BBB1B2D6D470700AE29C6 /* EventAdminView.swift */,
			);
			path = Views;
			sourceTree = "<group>";
		};
		301E9F632C0AED410091008A /* Frameworks */ = {
			isa = PBXGroup;
			children = (
				301E9F642C0AED410091008A /* WidgetKit.framework */,
				301E9F662C0AED410091008A /* SwiftUI.framework */,
			);
			name = Frameworks;
			sourceTree = "<group>";
		};
		302769952AEDE02500B33074 = {
			isa = PBXGroup;
			children = (
				3021FEFF2BFEE9EE00C036A6 /* stuy_logo.png */,
				3075FBAD2BF43FEA00260395 /* Privacy Policy.md */,
				304BC2B62BF10F8100701726 /* .gitignore */,
				304BC2B82BF1118D00701726 /* Secrets.swift */,
				302769A02AEDE02500B33074 /* TicketCatcher */,
				301E9F632C0AED410091008A /* Frameworks */,
				3027699F2AEDE02500B33074 /* Products */,
			);
			sourceTree = "<group>";
		};
		3027699F2AEDE02500B33074 /* Products */ = {
			isa = PBXGroup;
			children = (
				3027699E2AEDE02500B33074 /* TicketCatcher.app */,
			);
			name = Products;
			sourceTree = "<group>";
		};
		302769A02AEDE02500B33074 /* TicketCatcher */ = {
			isa = PBXGroup;
			children = (
				30BD5B4E2C692A4F00F21615 /* TicketCatcherDebug.entitlements */,
				3001D4192BF04FBC00652C6B /* Launch Screen.storyboard */,
				302769A12AEDE02500B33074 /* TicketCatcherApp.swift */,
				302769A32AEDE02500B33074 /* ContentView.swift */,
				300BE2822C1926CE00C4FD6F /* EntrantView.swift */,
				30B47D002C0C06F100DB5A08 /* AuthManager.swift */,
				30B47D042C0C083900DB5A08 /* SendIt */,
				30B47D022C0C07FA00DB5A08 /* Cloud */,
				304321752BEFEB6500EDF9D2 /* Utilities */,
				3019E59A2BFA9BC200A0F886 /* Views */,
				302ACBD12BEF0F8800791571 /* Camera */,
				302ACBD22BEF0FAD00791571 /* Components */,
				307A97232BF17C2E007193D3 /* Sheets */,
				3038EEA12C15F383005DE2B9 /* Schema */,
				302769A72AEDE02600B33074 /* Preview Content */,
				302769A52AEDE02600B33074 /* Assets.xcassets */,
				302769AF2AEDE02600B33074 /* TicketCatcher.entitlements */,
				302769B02AEDE02600B33074 /* Info.plist */,
			);
			path = TicketCatcher;
			sourceTree = "<group>";
		};
		302769A72AEDE02600B33074 /* Preview Content */ = {
			isa = PBXGroup;
			children = (
				302769A82AEDE02600B33074 /* Preview Assets.xcassets */,
			);
			path = "Preview Content";
			sourceTree = "<group>";
		};
		302ACBD12BEF0F8800791571 /* Camera */ = {
			isa = PBXGroup;
			children = (
				302769D22AEDE79200B33074 /* CameraController.swift */,
				302ACBC52BEF0DE000791571 /* CameraView.swift */,
			);
			path = Camera;
			sourceTree = "<group>";
		};
		302ACBD22BEF0FAD00791571 /* Components */ = {
			isa = PBXGroup;
			children = (
				3019E5982BFA949100A0F886 /* ActionView.swift */,
				3058AB182BF2CF3400AEF971 /* AdmitView.swift */,
				302ACBC92BEF0DF300791571 /* BarcodeIconView.swift */,
			);
			path = Components;
			sourceTree = "<group>";
		};
		3038EEA12C15F383005DE2B9 /* Schema */ = {
			isa = PBXGroup;
			children = (
				3034EDB22C125ADA000F7CBC /* SchemaEditorView.swift */,
				3034EDB42C1282D7000F7CBC /* SchemaTotalView.swift */,
			);
			path = Schema;
			sourceTree = "<group>";
		};
		304321752BEFEB6500EDF9D2 /* Utilities */ = {
			isa = PBXGroup;
			children = (
				301195262BF00B1200544510 /* UploadManager.swift */,
				3036807C2BF0487200509514 /* BarcodeValidator.swift */,
				301195242BEFFFBD00544510 /* CSVParser.swift */,
			);
			path = Utilities;
			sourceTree = "<group>";
		};
		307A97232BF17C2E007193D3 /* Sheets */ = {
			isa = PBXGroup;
			children = (
				30B5C90C2BF1053800F12B4C /* AddSheet.swift */,
				3053DEEF2BF1C1BE00239BB0 /* BarcodeSheet.swift */,
				304321762BEFEC6600EDF9D2 /* UploadSheet.swift */,
				305BBB1F2D6D6AC500AE29C6 /* SendMethodSheet.swift */,
			);
			path = Sheets;
			sourceTree = "<group>";
		};
		30B47D022C0C07FA00DB5A08 /* Cloud */ = {
			isa = PBXGroup;
			children = (
				307734EB2C0B893B000743D4 /* CKFetcher.swift */,
				3001D41D2BF0539A00652C6B /* CKManager.swift */,
				3034EDB82C129668000F7CBC /* CKOperations.swift */,
			);
			path = Cloud;
			sourceTree = "<group>";
		};
		30B47D042C0C083900DB5A08 /* SendIt */ = {
			isa = PBXGroup;
			children = (
				305253242BFEC48E008CE450 /* SendIt.swift */,
				309844DC2BFCEFE300DDA15F /* DistributeView.swift */,
			);
			path = SendIt;
			sourceTree = "<group>";
		};
/* End PBXGroup section */

/* Begin PBXNativeTarget section */
		3027699D2AEDE02500B33074 /* TicketCatcher */ = {
			isa = PBXNativeTarget;
			buildConfigurationList = 302769C92AEDE02700B33074 /* Build configuration list for PBXNativeTarget "TicketCatcher" */;
			buildPhases = (
				3027699A2AEDE02500B33074 /* Sources */,
				3027699B2AEDE02500B33074 /* Frameworks */,
				3027699C2AEDE02500B33074 /* Resources */,
				301E9FB62C0AF23C0091008A /* Embed Foundation Extensions */,
			);
			buildRules = (
			);
			dependencies = (
			);
			name = TicketCatcher;
			packageProductDependencies = (
				305253212BFEC44E008CE450 /* SwiftSMTP */,
			);
			productName = JPromScanner;
			productReference = 3027699E2AEDE02500B33074 /* TicketCatcher.app */;
			productType = "com.apple.product-type.application";
		};
/* End PBXNativeTarget section */

/* Begin PBXProject section */
		302769962AEDE02500B33074 /* Project object */ = {
			isa = PBXProject;
			attributes = {
				BuildIndependentTargetsInParallel = 1;
				LastSwiftUpdateCheck = 1540;
				LastUpgradeCheck = 1600;
				TargetAttributes = {
					3027699D2AEDE02500B33074 = {
						CreatedOnToolsVersion = 15.0.1;
					};
				};
			};
			buildConfigurationList = 302769992AEDE02500B33074 /* Build configuration list for PBXProject "TicketCatcher" */;
			compatibilityVersion = "Xcode 14.0";
			developmentRegion = en;
			hasScannedForEncodings = 0;
			knownRegions = (
				en,
				Base,
			);
			mainGroup = 302769952AEDE02500B33074;
			packageReferences = (
				305253202BFEC44E008CE450 /* XCRemoteSwiftPackageReference "Swift-SMTP" */,
			);
			productRefGroup = 3027699F2AEDE02500B33074 /* Products */;
			projectDirPath = "";
			projectRoot = "";
			targets = (
				3027699D2AEDE02500B33074 /* TicketCatcher */,
			);
		};
/* End PBXProject section */

/* Begin PBXResourcesBuildPhase section */
		3027699C2AEDE02500B33074 /* Resources */ = {
			isa = PBXResourcesBuildPhase;
			buildActionMask = 2147483647;
			files = (
				304BC2B72BF10F8100701726 /* .gitignore in Resources */,
				3001D41A2BF04FBC00652C6B /* Launch Screen.storyboard in Resources */,
				3021FF002BFEE9EF00C036A6 /* stuy_logo.png in Resources */,
				302769A92AEDE02600B33074 /* Preview Assets.xcassets in Resources */,
				302769A62AEDE02600B33074 /* Assets.xcassets in Resources */,
			);
			runOnlyForDeploymentPostprocessing = 0;
		};
/* End PBXResourcesBuildPhase section */

/* Begin PBXSourcesBuildPhase section */
		3027699A2AEDE02500B33074 /* Sources */ = {
			isa = PBXSourcesBuildPhase;
			buildActionMask = 2147483647;
			files = (
				304321772BEFEC6600EDF9D2 /* UploadSheet.swift in Sources */,
				3019E5972BFA8E7400A0F886 /* ScanView.swift in Sources */,
				307734EC2C0B893B000743D4 /* CKFetcher.swift in Sources */,
				300BE2832C1926CE00C4FD6F /* EntrantView.swift in Sources */,
				30B47D012C0C06F100DB5A08 /* AuthManager.swift in Sources */,
				302769A42AEDE02500B33074 /* ContentView.swift in Sources */,
				3001D41E2BF0539A00652C6B /* CKManager.swift in Sources */,
				3053DEF02BF1C1BE00239BB0 /* BarcodeSheet.swift in Sources */,
				302ACBC62BEF0DE000791571 /* CameraView.swift in Sources */,
				305BBB1C2D6D470700AE29C6 /* EventAdminView.swift in Sources */,
				305253252BFEC48E008CE450 /* SendIt.swift in Sources */,
				305BBB1E2D6D5DD900AE29C6 /* OperatorsView.swift in Sources */,
				307A97252BF17C80007193D3 /* LogView.swift in Sources */,
				3034EDB52C1282D7000F7CBC /* SchemaTotalView.swift in Sources */,
				304BC2B92BF1118D00701726 /* Secrets.swift in Sources */,
				3058AB192BF2CF3400AEF971 /* AdmitView.swift in Sources */,
				3011952A2BF019E300544510 /* ListView.swift in Sources */,
				3036807D2BF0487200509514 /* BarcodeValidator.swift in Sources */,
				301195252BEFFFBD00544510 /* CSVParser.swift in Sources */,
				305BBB202D6D6AC500AE29C6 /* SendMethodSheet.swift in Sources */,
				309844DD2BFCEFE300DDA15F /* DistributeView.swift in Sources */,
				302769A22AEDE02500B33074 /* TicketCatcherApp.swift in Sources */,
				3034EDB92C129668000F7CBC /* CKOperations.swift in Sources */,
				3019E5992BFA949100A0F886 /* ActionView.swift in Sources */,
				3034EDB72C1286E8000F7CBC /* UserView.swift in Sources */,
				302ACBCA2BEF0DF300791571 /* BarcodeIconView.swift in Sources */,
				3034EDB32C125ADA000F7CBC /* SchemaEditorView.swift in Sources */,
				30FC261B2C17E15900A3BB3C /* ColorBGView.swift in Sources */,
				305BBB222D6D784E00AE29C6 /* ControlsView.swift in Sources */,
				30B5C90D2BF1053800F12B4C /* AddSheet.swift in Sources */,
				301195272BF00B1200544510 /* UploadManager.swift in Sources */,
				302769D32AEDE79200B33074 /* CameraController.swift in Sources */,
			);
			runOnlyForDeploymentPostprocessing = 0;
		};
/* End PBXSourcesBuildPhase section */

/* Begin XCBuildConfiguration section */
		302769C72AEDE02700B33074 /* Debug */ = {
			isa = XCBuildConfiguration;
			buildSettings = {
				ALWAYS_SEARCH_USER_PATHS = NO;
				ASSETCATALOG_COMPILER_GENERATE_SWIFT_ASSET_SYMBOL_EXTENSIONS = YES;
				CLANG_ANALYZER_NONNULL = YES;
				CLANG_ANALYZER_NUMBER_OBJECT_CONVERSION = YES_AGGRESSIVE;
				CLANG_CXX_LANGUAGE_STANDARD = "gnu++20";
				CLANG_ENABLE_MODULES = YES;
				CLANG_ENABLE_OBJC_ARC = YES;
				CLANG_ENABLE_OBJC_WEAK = YES;
				CLANG_WARN_BLOCK_CAPTURE_AUTORELEASING = YES;
				CLANG_WARN_BOOL_CONVERSION = YES;
				CLANG_WARN_COMMA = YES;
				CLANG_WARN_CONSTANT_CONVERSION = YES;
				CLANG_WARN_DEPRECATED_OBJC_IMPLEMENTATIONS = YES;
				CLANG_WARN_DIRECT_OBJC_ISA_USAGE = YES_ERROR;
				CLANG_WARN_DOCUMENTATION_COMMENTS = YES;
				CLANG_WARN_EMPTY_BODY = YES;
				CLANG_WARN_ENUM_CONVERSION = YES;
				CLANG_WARN_INFINITE_RECURSION = YES;
				CLANG_WARN_INT_CONVERSION = YES;
				CLANG_WARN_NON_LITERAL_NULL_CONVERSION = YES;
				CLANG_WARN_OBJC_IMPLICIT_RETAIN_SELF = YES;
				CLANG_WARN_OBJC_LITERAL_CONVERSION = YES;
				CLANG_WARN_OBJC_ROOT_CLASS = YES_ERROR;
				CLANG_WARN_QUOTED_INCLUDE_IN_FRAMEWORK_HEADER = YES;
				CLANG_WARN_RANGE_LOOP_ANALYSIS = YES;
				CLANG_WARN_STRICT_PROTOTYPES = YES;
				CLANG_WARN_SUSPICIOUS_MOVE = YES;
				CLANG_WARN_UNGUARDED_AVAILABILITY = YES_AGGRESSIVE;
				CLANG_WARN_UNREACHABLE_CODE = YES;
				CLANG_WARN__DUPLICATE_METHOD_MATCH = YES;
				COPY_PHASE_STRIP = NO;
				DEBUG_INFORMATION_FORMAT = dwarf;
				ENABLE_STRICT_OBJC_MSGSEND = YES;
				ENABLE_TESTABILITY = YES;
				ENABLE_USER_SCRIPT_SANDBOXING = YES;
				GCC_C_LANGUAGE_STANDARD = gnu17;
				GCC_DYNAMIC_NO_PIC = NO;
				GCC_NO_COMMON_BLOCKS = YES;
				GCC_OPTIMIZATION_LEVEL = 0;
				GCC_PREPROCESSOR_DEFINITIONS = (
					"DEBUG=1",
					"$(inherited)",
				);
				GCC_WARN_64_TO_32_BIT_CONVERSION = YES;
				GCC_WARN_ABOUT_RETURN_TYPE = YES_ERROR;
				GCC_WARN_UNDECLARED_SELECTOR = YES;
				GCC_WARN_UNINITIALIZED_AUTOS = YES_AGGRESSIVE;
				GCC_WARN_UNUSED_FUNCTION = YES;
				GCC_WARN_UNUSED_VARIABLE = YES;
				IPHONEOS_DEPLOYMENT_TARGET = 17.0;
				LOCALIZATION_PREFERS_STRING_CATALOGS = YES;
				MTL_ENABLE_DEBUG_INFO = INCLUDE_SOURCE;
				MTL_FAST_MATH = YES;
				ONLY_ACTIVE_ARCH = YES;
				SDKROOT = iphoneos;
				SWIFT_ACTIVE_COMPILATION_CONDITIONS = "DEBUG $(inherited)";
				SWIFT_OPTIMIZATION_LEVEL = "-Onone";
				SWIFT_STRICT_CONCURRENCY = minimal;
			};
			name = Debug;
		};
		302769C82AEDE02700B33074 /* Release */ = {
			isa = XCBuildConfiguration;
			buildSettings = {
				ALWAYS_SEARCH_USER_PATHS = NO;
				ASSETCATALOG_COMPILER_GENERATE_SWIFT_ASSET_SYMBOL_EXTENSIONS = YES;
				CLANG_ANALYZER_NONNULL = YES;
				CLANG_ANALYZER_NUMBER_OBJECT_CONVERSION = YES_AGGRESSIVE;
				CLANG_CXX_LANGUAGE_STANDARD = "gnu++20";
				CLANG_ENABLE_MODULES = YES;
				CLANG_ENABLE_OBJC_ARC = YES;
				CLANG_ENABLE_OBJC_WEAK = YES;
				CLANG_WARN_BLOCK_CAPTURE_AUTORELEASING = YES;
				CLANG_WARN_BOOL_CONVERSION = YES;
				CLANG_WARN_COMMA = YES;
				CLANG_WARN_CONSTANT_CONVERSION = YES;
				CLANG_WARN_DEPRECATED_OBJC_IMPLEMENTATIONS = YES;
				CLANG_WARN_DIRECT_OBJC_ISA_USAGE = YES_ERROR;
				CLANG_WARN_DOCUMENTATION_COMMENTS = YES;
				CLANG_WARN_EMPTY_BODY = YES;
				CLANG_WARN_ENUM_CONVERSION = YES;
				CLANG_WARN_INFINITE_RECURSION = YES;
				CLANG_WARN_INT_CONVERSION = YES;
				CLANG_WARN_NON_LITERAL_NULL_CONVERSION = YES;
				CLANG_WARN_OBJC_IMPLICIT_RETAIN_SELF = YES;
				CLANG_WARN_OBJC_LITERAL_CONVERSION = YES;
				CLANG_WARN_OBJC_ROOT_CLASS = YES_ERROR;
				CLANG_WARN_QUOTED_INCLUDE_IN_FRAMEWORK_HEADER = YES;
				CLANG_WARN_RANGE_LOOP_ANALYSIS = YES;
				CLANG_WARN_STRICT_PROTOTYPES = YES;
				CLANG_WARN_SUSPICIOUS_MOVE = YES;
				CLANG_WARN_UNGUARDED_AVAILABILITY = YES_AGGRESSIVE;
				CLANG_WARN_UNREACHABLE_CODE = YES;
				CLANG_WARN__DUPLICATE_METHOD_MATCH = YES;
				COPY_PHASE_STRIP = NO;
				DEBUG_INFORMATION_FORMAT = "dwarf-with-dsym";
				ENABLE_NS_ASSERTIONS = NO;
				ENABLE_STRICT_OBJC_MSGSEND = YES;
				ENABLE_USER_SCRIPT_SANDBOXING = YES;
				GCC_C_LANGUAGE_STANDARD = gnu17;
				GCC_NO_COMMON_BLOCKS = YES;
				GCC_WARN_64_TO_32_BIT_CONVERSION = YES;
				GCC_WARN_ABOUT_RETURN_TYPE = YES_ERROR;
				GCC_WARN_UNDECLARED_SELECTOR = YES;
				GCC_WARN_UNINITIALIZED_AUTOS = YES_AGGRESSIVE;
				GCC_WARN_UNUSED_FUNCTION = YES;
				GCC_WARN_UNUSED_VARIABLE = YES;
				IPHONEOS_DEPLOYMENT_TARGET = 17.0;
				LOCALIZATION_PREFERS_STRING_CATALOGS = YES;
				MTL_ENABLE_DEBUG_INFO = NO;
				MTL_FAST_MATH = YES;
				SDKROOT = iphoneos;
				SWIFT_COMPILATION_MODE = wholemodule;
				SWIFT_STRICT_CONCURRENCY = minimal;
				VALIDATE_PRODUCT = YES;
			};
			name = Release;
		};
		302769CA2AEDE02700B33074 /* Debug */ = {
			isa = XCBuildConfiguration;
			buildSettings = {
				ASSETCATALOG_COMPILER_APPICON_NAME = AppIcon;
				ASSETCATALOG_COMPILER_GLOBAL_ACCENT_COLOR_NAME = AccentColor;
				CODE_SIGN_ENTITLEMENTS = TicketCatcher/TicketCatcherDebug.entitlements;
				CODE_SIGN_STYLE = Automatic;
				CURRENT_PROJECT_VERSION = 39;
				DEVELOPMENT_ASSET_PATHS = "\"TicketCatcher/Preview Content\"";
				DEVELOPMENT_TEAM = 6N94J8GW7F;
				ENABLE_PREVIEWS = YES;
				GENERATE_INFOPLIST_FILE = YES;
				INFOPLIST_FILE = TicketCatcher/Info.plist;
				INFOPLIST_KEY_CFBundleDisplayName = TicketCatcher;
				INFOPLIST_KEY_LSApplicationCategoryType = "public.app-category.utilities";
				INFOPLIST_KEY_NSCameraUsageDescription = "TicketCatcher needs access to your camera to do the scanning.";
				INFOPLIST_KEY_NSFaceIDUsageDescription = "You can use Face ID to quickly log in to TicketCatcher.";
				INFOPLIST_KEY_NSFileProviderPresenceUsageDescription = "TicketCatcher needs access to your files for uploading.";
				INFOPLIST_KEY_NSSupportsLiveActivities = YES;
				INFOPLIST_KEY_UIApplicationSceneManifest_Generation = YES;
				INFOPLIST_KEY_UIApplicationSupportsIndirectInputEvents = YES;
				INFOPLIST_KEY_UILaunchStoryboardName = "Launch Screen.storyboard";
				INFOPLIST_KEY_UIRequiresFullScreen = YES;
				INFOPLIST_KEY_UISupportedInterfaceOrientations = UIInterfaceOrientationPortrait;
				LD_RUNPATH_SEARCH_PATHS = (
					"$(inherited)",
					"@executable_path/Frameworks",
				);
				MARKETING_VERSION = 1.3;
				PRODUCT_BUNDLE_IDENTIFIER = com.yzhang.TicketCatcher;
				PRODUCT_NAME = "$(TARGET_NAME)";
				SUPPORTED_PLATFORMS = "iphoneos iphonesimulator";
				SUPPORTS_MACCATALYST = NO;
				SUPPORTS_MAC_DESIGNED_FOR_IPHONE_IPAD = NO;
				SWIFT_EMIT_LOC_STRINGS = YES;
				SWIFT_VERSION = 5.0;
				TARGETED_DEVICE_FAMILY = "1,2";
			};
			name = Debug;
		};
		302769CB2AEDE02700B33074 /* Release */ = {
			isa = XCBuildConfiguration;
			buildSettings = {
				ASSETCATALOG_COMPILER_APPICON_NAME = AppIcon;
				ASSETCATALOG_COMPILER_GLOBAL_ACCENT_COLOR_NAME = AccentColor;
				CODE_SIGN_ENTITLEMENTS = TicketCatcher/TicketCatcher.entitlements;
				CODE_SIGN_STYLE = Automatic;
				CURRENT_PROJECT_VERSION = 39;
				DEVELOPMENT_ASSET_PATHS = "\"TicketCatcher/Preview Content\"";
				DEVELOPMENT_TEAM = 6N94J8GW7F;
				ENABLE_PREVIEWS = YES;
				GENERATE_INFOPLIST_FILE = YES;
				INFOPLIST_FILE = TicketCatcher/Info.plist;
				INFOPLIST_KEY_CFBundleDisplayName = TicketCatcher;
				INFOPLIST_KEY_LSApplicationCategoryType = "public.app-category.utilities";
				INFOPLIST_KEY_NSCameraUsageDescription = "TicketCatcher needs access to your camera to do the scanning.";
				INFOPLIST_KEY_NSFaceIDUsageDescription = "You can use Face ID to quickly log in to TicketCatcher.";
				INFOPLIST_KEY_NSFileProviderPresenceUsageDescription = "TicketCatcher needs access to your files for uploading.";
				INFOPLIST_KEY_NSSupportsLiveActivities = YES;
				INFOPLIST_KEY_UIApplicationSceneManifest_Generation = YES;
				INFOPLIST_KEY_UIApplicationSupportsIndirectInputEvents = YES;
				INFOPLIST_KEY_UILaunchStoryboardName = "Launch Screen.storyboard";
				INFOPLIST_KEY_UIRequiresFullScreen = YES;
				INFOPLIST_KEY_UISupportedInterfaceOrientations = UIInterfaceOrientationPortrait;
				LD_RUNPATH_SEARCH_PATHS = (
					"$(inherited)",
					"@executable_path/Frameworks",
				);
				MARKETING_VERSION = 1.3;
				PRODUCT_BUNDLE_IDENTIFIER = com.yzhang.TicketCatcher;
				PRODUCT_NAME = "$(TARGET_NAME)";
				SUPPORTED_PLATFORMS = "iphoneos iphonesimulator";
				SUPPORTS_MACCATALYST = NO;
				SUPPORTS_MAC_DESIGNED_FOR_IPHONE_IPAD = NO;
				SWIFT_EMIT_LOC_STRINGS = YES;
				SWIFT_VERSION = 5.0;
				TARGETED_DEVICE_FAMILY = "1,2";
			};
			name = Release;
		};
/* End XCBuildConfiguration section */

/* Begin XCConfigurationList section */
		302769992AEDE02500B33074 /* Build configuration list for PBXProject "TicketCatcher" */ = {
			isa = XCConfigurationList;
			buildConfigurations = (
				302769C72AEDE02700B33074 /* Debug */,
				302769C82AEDE02700B33074 /* Release */,
			);
			defaultConfigurationIsVisible = 0;
			defaultConfigurationName = Release;
		};
		302769C92AEDE02700B33074 /* Build configuration list for PBXNativeTarget "TicketCatcher" */ = {
			isa = XCConfigurationList;
			buildConfigurations = (
				302769CA2AEDE02700B33074 /* Debug */,
				302769CB2AEDE02700B33074 /* Release */,
			);
			defaultConfigurationIsVisible = 0;
			defaultConfigurationName = Release;
		};
/* End XCConfigurationList section */

/* Begin XCRemoteSwiftPackageReference section */
		305253202BFEC44E008CE450 /* XCRemoteSwiftPackageReference "Swift-SMTP" */ = {
			isa = XCRemoteSwiftPackageReference;
			repositoryURL = "https://github.com/IBM-Swift/Swift-SMTP.git";
			requirement = {
				kind = upToNextMajorVersion;
				minimumVersion = 6.0.0;
			};
		};
/* End XCRemoteSwiftPackageReference section */

/* Begin XCSwiftPackageProductDependency section */
		305253212BFEC44E008CE450 /* SwiftSMTP */ = {
			isa = XCSwiftPackageProductDependency;
			package = 305253202BFEC44E008CE450 /* XCRemoteSwiftPackageReference "Swift-SMTP" */;
			productName = SwiftSMTP;
		};
/* End XCSwiftPackageProductDependency section */
	};
	rootObject = 302769962AEDE02500B33074 /* Project object */;
}
