// !$*UTF8*$!
{
	archiveVersion = 1;
	classes = {
	};
	objectVersion = 56;
	objects = {

/* Begin PBXBuildFile section */
		3001D41A2BF04FBC00652C6B /* Launch Screen.storyboard in Resources */ = {isa = PBXBuildFile; fileRef = 3001D4192BF04FBC00652C6B /* Launch Screen.storyboard */; };
		3001D41E2BF0539A00652C6B /* CKManager.swift in Sources */ = {isa = PBXBuildFile; fileRef = 3001D41D2BF0539A00652C6B /* CKManager.swift */; };
		301195252BEFFFBD00544510 /* CSVParser.swift in Sources */ = {isa = PBXBuildFile; fileRef = 301195242BEFFFBD00544510 /* CSVParser.swift */; };
		301195272BF00B1200544510 /* UploadManager.swift in Sources */ = {isa = PBXBuildFile; fileRef = 301195262BF00B1200544510 /* UploadManager.swift */; };
		3011952A2BF019E300544510 /* ListSheetView.swift in Sources */ = {isa = PBXBuildFile; fileRef = 301195292BF019E300544510 /* ListSheetView.swift */; };
		302769A22AEDE02500B33074 /* TicketCatcherApp.swift in Sources */ = {isa = PBXBuildFile; fileRef = 302769A12AEDE02500B33074 /* TicketCatcherApp.swift */; };
		302769A42AEDE02500B33074 /* ContentView.swift in Sources */ = {isa = PBXBuildFile; fileRef = 302769A32AEDE02500B33074 /* ContentView.swift */; };
		302769A62AEDE02600B33074 /* Assets.xcassets in Resources */ = {isa = PBXBuildFile; fileRef = 302769A52AEDE02600B33074 /* Assets.xcassets */; };
		302769A92AEDE02600B33074 /* Preview Assets.xcassets in Resources */ = {isa = PBXBuildFile; fileRef = 302769A82AEDE02600B33074 /* Preview Assets.xcassets */; };
		302769D32AEDE79200B33074 /* CameraController.swift in Sources */ = {isa = PBXBuildFile; fileRef = 302769D22AEDE79200B33074 /* CameraController.swift */; };
		302ACBC22BEF0DC400791571 /* CameraWrapper.swift in Sources */ = {isa = PBXBuildFile; fileRef = 302ACBC12BEF0DC400791571 /* CameraWrapper.swift */; };
		302ACBC62BEF0DE000791571 /* CameraView.swift in Sources */ = {isa = PBXBuildFile; fileRef = 302ACBC52BEF0DE000791571 /* CameraView.swift */; };
		302ACBCA2BEF0DF300791571 /* BarcodeIconView.swift in Sources */ = {isa = PBXBuildFile; fileRef = 302ACBC92BEF0DF300791571 /* BarcodeIconView.swift */; };
		302ACBCE2BEF0E1200791571 /* ActionView.swift in Sources */ = {isa = PBXBuildFile; fileRef = 302ACBCD2BEF0E1200791571 /* ActionView.swift */; };
		3036807D2BF0487200509514 /* BarcodeValidator.swift in Sources */ = {isa = PBXBuildFile; fileRef = 3036807C2BF0487200509514 /* BarcodeValidator.swift */; };
		304321772BEFEC6600EDF9D2 /* ImportSheetView.swift in Sources */ = {isa = PBXBuildFile; fileRef = 304321762BEFEC6600EDF9D2 /* ImportSheetView.swift */; };
		304BC2B72BF10F8100701726 /* .gitignore in Resources */ = {isa = PBXBuildFile; fileRef = 304BC2B62BF10F8100701726 /* .gitignore */; };
		304BC2B92BF1118D00701726 /* Secrets.swift in Sources */ = {isa = PBXBuildFile; fileRef = 304BC2B82BF1118D00701726 /* Secrets.swift */; };
		3053DEF02BF1C1BE00239BB0 /* BarcodeView.swift in Sources */ = {isa = PBXBuildFile; fileRef = 3053DEEF2BF1C1BE00239BB0 /* BarcodeView.swift */; };
		3058AB192BF2CF3400AEF971 /* AdmitView.swift in Sources */ = {isa = PBXBuildFile; fileRef = 3058AB182BF2CF3400AEF971 /* AdmitView.swift */; };
		306FBA192AEF0AD000799B43 /* ScanningLineView.swift in Sources */ = {isa = PBXBuildFile; fileRef = 306FBA182AEF0AD000799B43 /* ScanningLineView.swift */; };
		307A97252BF17C80007193D3 /* LogSheetView.swift in Sources */ = {isa = PBXBuildFile; fileRef = 307A97242BF17C80007193D3 /* LogSheetView.swift */; };
		30B5C90D2BF1053800F12B4C /* AddSheetView.swift in Sources */ = {isa = PBXBuildFile; fileRef = 30B5C90C2BF1053800F12B4C /* AddSheetView.swift */; };
/* End PBXBuildFile section */

/* Begin PBXFileReference section */
		3001D4192BF04FBC00652C6B /* Launch Screen.storyboard */ = {isa = PBXFileReference; lastKnownFileType = file.storyboard; path = "Launch Screen.storyboard"; sourceTree = "<group>"; };
		3001D41D2BF0539A00652C6B /* CKManager.swift */ = {isa = PBXFileReference; lastKnownFileType = sourcecode.swift; path = CKManager.swift; sourceTree = "<group>"; };
		301195242BEFFFBD00544510 /* CSVParser.swift */ = {isa = PBXFileReference; lastKnownFileType = sourcecode.swift; path = CSVParser.swift; sourceTree = "<group>"; };
		301195262BF00B1200544510 /* UploadManager.swift */ = {isa = PBXFileReference; lastKnownFileType = sourcecode.swift; path = UploadManager.swift; sourceTree = "<group>"; };
		301195292BF019E300544510 /* ListSheetView.swift */ = {isa = PBXFileReference; lastKnownFileType = sourcecode.swift; path = ListSheetView.swift; sourceTree = "<group>"; };
		3027699E2AEDE02500B33074 /* TicketCatcher.app */ = {isa = PBXFileReference; explicitFileType = wrapper.application; includeInIndex = 0; path = TicketCatcher.app; sourceTree = BUILT_PRODUCTS_DIR; };
		302769A12AEDE02500B33074 /* TicketCatcherApp.swift */ = {isa = PBXFileReference; lastKnownFileType = sourcecode.swift; path = TicketCatcherApp.swift; sourceTree = "<group>"; };
		302769A32AEDE02500B33074 /* ContentView.swift */ = {isa = PBXFileReference; lastKnownFileType = sourcecode.swift; path = ContentView.swift; sourceTree = "<group>"; };
		302769A52AEDE02600B33074 /* Assets.xcassets */ = {isa = PBXFileReference; lastKnownFileType = folder.assetcatalog; path = Assets.xcassets; sourceTree = "<group>"; };
		302769A82AEDE02600B33074 /* Preview Assets.xcassets */ = {isa = PBXFileReference; lastKnownFileType = folder.assetcatalog; path = "Preview Assets.xcassets"; sourceTree = "<group>"; };
		302769AF2AEDE02600B33074 /* TicketCatcher.entitlements */ = {isa = PBXFileReference; lastKnownFileType = text.plist.entitlements; path = TicketCatcher.entitlements; sourceTree = "<group>"; };
		302769B02AEDE02600B33074 /* Info.plist */ = {isa = PBXFileReference; lastKnownFileType = text.plist.xml; path = Info.plist; sourceTree = "<group>"; };
		302769D22AEDE79200B33074 /* CameraController.swift */ = {isa = PBXFileReference; lastKnownFileType = sourcecode.swift; path = CameraController.swift; sourceTree = "<group>"; };
		302ACBC12BEF0DC400791571 /* CameraWrapper.swift */ = {isa = PBXFileReference; lastKnownFileType = sourcecode.swift; path = CameraWrapper.swift; sourceTree = "<group>"; };
		302ACBC52BEF0DE000791571 /* CameraView.swift */ = {isa = PBXFileReference; lastKnownFileType = sourcecode.swift; path = CameraView.swift; sourceTree = "<group>"; };
		302ACBC92BEF0DF300791571 /* BarcodeIconView.swift */ = {isa = PBXFileReference; lastKnownFileType = sourcecode.swift; path = BarcodeIconView.swift; sourceTree = "<group>"; };
		302ACBCD2BEF0E1200791571 /* ActionView.swift */ = {isa = PBXFileReference; lastKnownFileType = sourcecode.swift; path = ActionView.swift; sourceTree = "<group>"; };
		3036807C2BF0487200509514 /* BarcodeValidator.swift */ = {isa = PBXFileReference; lastKnownFileType = sourcecode.swift; path = BarcodeValidator.swift; sourceTree = "<group>"; };
		304321762BEFEC6600EDF9D2 /* ImportSheetView.swift */ = {isa = PBXFileReference; lastKnownFileType = sourcecode.swift; path = ImportSheetView.swift; sourceTree = "<group>"; };
		304BC2B62BF10F8100701726 /* .gitignore */ = {isa = PBXFileReference; lastKnownFileType = text; path = .gitignore; sourceTree = "<group>"; };
		304BC2B82BF1118D00701726 /* Secrets.swift */ = {isa = PBXFileReference; lastKnownFileType = sourcecode.swift; path = Secrets.swift; sourceTree = "<group>"; };
		3053DEEF2BF1C1BE00239BB0 /* BarcodeView.swift */ = {isa = PBXFileReference; lastKnownFileType = sourcecode.swift; path = BarcodeView.swift; sourceTree = "<group>"; };
		3058AB182BF2CF3400AEF971 /* AdmitView.swift */ = {isa = PBXFileReference; lastKnownFileType = sourcecode.swift; path = AdmitView.swift; sourceTree = "<group>"; };
		306FBA182AEF0AD000799B43 /* ScanningLineView.swift */ = {isa = PBXFileReference; lastKnownFileType = sourcecode.swift; path = ScanningLineView.swift; sourceTree = "<group>"; };
		307A97242BF17C80007193D3 /* LogSheetView.swift */ = {isa = PBXFileReference; lastKnownFileType = sourcecode.swift; path = LogSheetView.swift; sourceTree = "<group>"; };
		30B5C90C2BF1053800F12B4C /* AddSheetView.swift */ = {isa = PBXFileReference; lastKnownFileType = sourcecode.swift; path = AddSheetView.swift; sourceTree = "<group>"; };
/* End PBXFileReference section */

/* Begin PBXFrameworksBuildPhase section */
		3027699B2AEDE02500B33074 /* Frameworks */ = {
			isa = PBXFrameworksBuildPhase;
			buildActionMask = 2147483647;
			files = (
			);
			runOnlyForDeploymentPostprocessing = 0;
		};
/* End PBXFrameworksBuildPhase section */

/* Begin PBXGroup section */
		302769952AEDE02500B33074 = {
			isa = PBXGroup;
			children = (
				304BC2B62BF10F8100701726 /* .gitignore */,
				304BC2B82BF1118D00701726 /* Secrets.swift */,
				3001D4192BF04FBC00652C6B /* Launch Screen.storyboard */,
				302769A02AEDE02500B33074 /* TicketCatcher */,
				3027699F2AEDE02500B33074 /* Products */,
			);
			sourceTree = "<group>";
		};
		3027699F2AEDE02500B33074 /* Products */ = {
			isa = PBXGroup;
			children = (
				3027699E2AEDE02500B33074 /* TicketCatcher.app */,
			);
			name = Products;
			sourceTree = "<group>";
		};
		302769A02AEDE02500B33074 /* TicketCatcher */ = {
			isa = PBXGroup;
			children = (
				302769A12AEDE02500B33074 /* TicketCatcherApp.swift */,
				302769A32AEDE02500B33074 /* ContentView.swift */,
				304321752BEFEB6500EDF9D2 /* Utilities */,
				302ACBD12BEF0F8800791571 /* Camera */,
				302ACBD22BEF0FAD00791571 /* Views */,
				307A97232BF17C2E007193D3 /* Sheets */,
				302769A52AEDE02600B33074 /* Assets.xcassets */,
				302769AF2AEDE02600B33074 /* TicketCatcher.entitlements */,
				302769B02AEDE02600B33074 /* Info.plist */,
				302769A72AEDE02600B33074 /* Preview Content */,
			);
			path = TicketCatcher;
			sourceTree = "<group>";
		};
		302769A72AEDE02600B33074 /* Preview Content */ = {
			isa = PBXGroup;
			children = (
				302769A82AEDE02600B33074 /* Preview Assets.xcassets */,
			);
			path = "Preview Content";
			sourceTree = "<group>";
		};
		302ACBD12BEF0F8800791571 /* Camera */ = {
			isa = PBXGroup;
			children = (
				302769D22AEDE79200B33074 /* CameraController.swift */,
				302ACBC12BEF0DC400791571 /* CameraWrapper.swift */,
				302ACBC52BEF0DE000791571 /* CameraView.swift */,
			);
			path = Camera;
			sourceTree = "<group>";
		};
		302ACBD22BEF0FAD00791571 /* Views */ = {
			isa = PBXGroup;
			children = (
				302ACBCD2BEF0E1200791571 /* ActionView.swift */,
				306FBA182AEF0AD000799B43 /* ScanningLineView.swift */,
				302ACBC92BEF0DF300791571 /* BarcodeIconView.swift */,
				3058AB182BF2CF3400AEF971 /* AdmitView.swift */,
			);
			path = Views;
			sourceTree = "<group>";
		};
		304321752BEFEB6500EDF9D2 /* Utilities */ = {
			isa = PBXGroup;
			children = (
				3036807C2BF0487200509514 /* BarcodeValidator.swift */,
				3001D41D2BF0539A00652C6B /* CKManager.swift */,
				301195242BEFFFBD00544510 /* CSVParser.swift */,
				301195262BF00B1200544510 /* UploadManager.swift */,
			);
			path = Utilities;
			sourceTree = "<group>";
		};
		307A97232BF17C2E007193D3 /* Sheets */ = {
			isa = PBXGroup;
			children = (
				30B5C90C2BF1053800F12B4C /* AddSheetView.swift */,
				3053DEEF2BF1C1BE00239BB0 /* BarcodeView.swift */,
				304321762BEFEC6600EDF9D2 /* ImportSheetView.swift */,
				301195292BF019E300544510 /* ListSheetView.swift */,
				307A97242BF17C80007193D3 /* LogSheetView.swift */,
			);
			path = Sheets;
			sourceTree = "<group>";
		};
/* End PBXGroup section */

/* Begin PBXNativeTarget section */
		3027699D2AEDE02500B33074 /* TicketCatcher */ = {
			isa = PBXNativeTarget;
			buildConfigurationList = 302769C92AEDE02700B33074 /* Build configuration list for PBXNativeTarget "TicketCatcher" */;
			buildPhases = (
				3027699A2AEDE02500B33074 /* Sources */,
				3027699B2AEDE02500B33074 /* Frameworks */,
				3027699C2AEDE02500B33074 /* Resources */,
			);
			buildRules = (
			);
			dependencies = (
			);
			name = TicketCatcher;
			productName = JPromScanner;
			productReference = 3027699E2AEDE02500B33074 /* TicketCatcher.app */;
			productType = "com.apple.product-type.application";
		};
/* End PBXNativeTarget section */

/* Begin PBXProject section */
		302769962AEDE02500B33074 /* Project object */ = {
			isa = PBXProject;
			attributes = {
				BuildIndependentTargetsInParallel = 1;
				LastSwiftUpdateCheck = 1500;
				LastUpgradeCheck = 1500;
				TargetAttributes = {
					3027699D2AEDE02500B33074 = {
						CreatedOnToolsVersion = 15.0.1;
					};
				};
			};
			buildConfigurationList = 302769992AEDE02500B33074 /* Build configuration list for PBXProject "TicketCatcher" */;
			compatibilityVersion = "Xcode 14.0";
			developmentRegion = en;
			hasScannedForEncodings = 0;
			knownRegions = (
				en,
				Base,
			);
			mainGroup = 302769952AEDE02500B33074;
			productRefGroup = 3027699F2AEDE02500B33074 /* Products */;
			projectDirPath = "";
			projectRoot = "";
			targets = (
				3027699D2AEDE02500B33074 /* TicketCatcher */,
			);
		};
/* End PBXProject section */

/* Begin PBXResourcesBuildPhase section */
		3027699C2AEDE02500B33074 /* Resources */ = {
			isa = PBXResourcesBuildPhase;
			buildActionMask = 2147483647;
			files = (
				304BC2B72BF10F8100701726 /* .gitignore in Resources */,
				3001D41A2BF04FBC00652C6B /* Launch Screen.storyboard in Resources */,
				302769A92AEDE02600B33074 /* Preview Assets.xcassets in Resources */,
				302769A62AEDE02600B33074 /* Assets.xcassets in Resources */,
			);
			runOnlyForDeploymentPostprocessing = 0;
		};
/* End PBXResourcesBuildPhase section */

/* Begin PBXSourcesBuildPhase section */
		3027699A2AEDE02500B33074 /* Sources */ = {
			isa = PBXSourcesBuildPhase;
			buildActionMask = 2147483647;
			files = (
				304321772BEFEC6600EDF9D2 /* ImportSheetView.swift in Sources */,
				302ACBCE2BEF0E1200791571 /* ActionView.swift in Sources */,
				302769A42AEDE02500B33074 /* ContentView.swift in Sources */,
				3001D41E2BF0539A00652C6B /* CKManager.swift in Sources */,
				3053DEF02BF1C1BE00239BB0 /* BarcodeView.swift in Sources */,
				302ACBC62BEF0DE000791571 /* CameraView.swift in Sources */,
				307A97252BF17C80007193D3 /* LogSheetView.swift in Sources */,
				304BC2B92BF1118D00701726 /* Secrets.swift in Sources */,
				3058AB192BF2CF3400AEF971 /* AdmitView.swift in Sources */,
				3011952A2BF019E300544510 /* ListSheetView.swift in Sources */,
				3036807D2BF0487200509514 /* BarcodeValidator.swift in Sources */,
				301195252BEFFFBD00544510 /* CSVParser.swift in Sources */,
				302769A22AEDE02500B33074 /* TicketCatcherApp.swift in Sources */,
				302ACBCA2BEF0DF300791571 /* BarcodeIconView.swift in Sources */,
				30B5C90D2BF1053800F12B4C /* AddSheetView.swift in Sources */,
				301195272BF00B1200544510 /* UploadManager.swift in Sources */,
				306FBA192AEF0AD000799B43 /* ScanningLineView.swift in Sources */,
				302769D32AEDE79200B33074 /* CameraController.swift in Sources */,
				302ACBC22BEF0DC400791571 /* CameraWrapper.swift in Sources */,
			);
			runOnlyForDeploymentPostprocessing = 0;
		};
/* End PBXSourcesBuildPhase section */

/* Begin XCBuildConfiguration section */
		302769C72AEDE02700B33074 /* Debug */ = {
			isa = XCBuildConfiguration;
			buildSettings = {
				ALWAYS_SEARCH_USER_PATHS = NO;
				ASSETCATALOG_COMPILER_GENERATE_SWIFT_ASSET_SYMBOL_EXTENSIONS = YES;
				CLANG_ANALYZER_NONNULL = YES;
				CLANG_ANALYZER_NUMBER_OBJECT_CONVERSION = YES_AGGRESSIVE;
				CLANG_CXX_LANGUAGE_STANDARD = "gnu++20";
				CLANG_ENABLE_MODULES = YES;
				CLANG_ENABLE_OBJC_ARC = YES;
				CLANG_ENABLE_OBJC_WEAK = YES;
				CLANG_WARN_BLOCK_CAPTURE_AUTORELEASING = YES;
				CLANG_WARN_BOOL_CONVERSION = YES;
				CLANG_WARN_COMMA = YES;
				CLANG_WARN_CONSTANT_CONVERSION = YES;
				CLANG_WARN_DEPRECATED_OBJC_IMPLEMENTATIONS = YES;
				CLANG_WARN_DIRECT_OBJC_ISA_USAGE = YES_ERROR;
				CLANG_WARN_DOCUMENTATION_COMMENTS = YES;
				CLANG_WARN_EMPTY_BODY = YES;
				CLANG_WARN_ENUM_CONVERSION = YES;
				CLANG_WARN_INFINITE_RECURSION = YES;
				CLANG_WARN_INT_CONVERSION = YES;
				CLANG_WARN_NON_LITERAL_NULL_CONVERSION = YES;
				CLANG_WARN_OBJC_IMPLICIT_RETAIN_SELF = YES;
				CLANG_WARN_OBJC_LITERAL_CONVERSION = YES;
				CLANG_WARN_OBJC_ROOT_CLASS = YES_ERROR;
				CLANG_WARN_QUOTED_INCLUDE_IN_FRAMEWORK_HEADER = YES;
				CLANG_WARN_RANGE_LOOP_ANALYSIS = YES;
				CLANG_WARN_STRICT_PROTOTYPES = YES;
				CLANG_WARN_SUSPICIOUS_MOVE = YES;
				CLANG_WARN_UNGUARDED_AVAILABILITY = YES_AGGRESSIVE;
				CLANG_WARN_UNREACHABLE_CODE = YES;
				CLANG_WARN__DUPLICATE_METHOD_MATCH = YES;
				COPY_PHASE_STRIP = NO;
				DEBUG_INFORMATION_FORMAT = dwarf;
				ENABLE_STRICT_OBJC_MSGSEND = YES;
				ENABLE_TESTABILITY = YES;
				ENABLE_USER_SCRIPT_SANDBOXING = YES;
				GCC_C_LANGUAGE_STANDARD = gnu17;
				GCC_DYNAMIC_NO_PIC = NO;
				GCC_NO_COMMON_BLOCKS = YES;
				GCC_OPTIMIZATION_LEVEL = 0;
				GCC_PREPROCESSOR_DEFINITIONS = (
					"DEBUG=1",
					"$(inherited)",
				);
				GCC_WARN_64_TO_32_BIT_CONVERSION = YES;
				GCC_WARN_ABOUT_RETURN_TYPE = YES_ERROR;
				GCC_WARN_UNDECLARED_SELECTOR = YES;
				GCC_WARN_UNINITIALIZED_AUTOS = YES_AGGRESSIVE;
				GCC_WARN_UNUSED_FUNCTION = YES;
				GCC_WARN_UNUSED_VARIABLE = YES;
				IPHONEOS_DEPLOYMENT_TARGET = 17.0;
				LOCALIZATION_PREFERS_STRING_CATALOGS = YES;
				MTL_ENABLE_DEBUG_INFO = INCLUDE_SOURCE;
				MTL_FAST_MATH = YES;
				ONLY_ACTIVE_ARCH = YES;
				SDKROOT = iphoneos;
				SWIFT_ACTIVE_COMPILATION_CONDITIONS = "DEBUG $(inherited)";
				SWIFT_OPTIMIZATION_LEVEL = "-Onone";
			};
			name = Debug;
		};
		302769C82AEDE02700B33074 /* Release */ = {
			isa = XCBuildConfiguration;
			buildSettings = {
				ALWAYS_SEARCH_USER_PATHS = NO;
				ASSETCATALOG_COMPILER_GENERATE_SWIFT_ASSET_SYMBOL_EXTENSIONS = YES;
				CLANG_ANALYZER_NONNULL = YES;
				CLANG_ANALYZER_NUMBER_OBJECT_CONVERSION = YES_AGGRESSIVE;
				CLANG_CXX_LANGUAGE_STANDARD = "gnu++20";
				CLANG_ENABLE_MODULES = YES;
				CLANG_ENABLE_OBJC_ARC = YES;
				CLANG_ENABLE_OBJC_WEAK = YES;
				CLANG_WARN_BLOCK_CAPTURE_AUTORELEASING = YES;
				CLANG_WARN_BOOL_CONVERSION = YES;
				CLANG_WARN_COMMA = YES;
				CLANG_WARN_CONSTANT_CONVERSION = YES;
				CLANG_WARN_DEPRECATED_OBJC_IMPLEMENTATIONS = YES;
				CLANG_WARN_DIRECT_OBJC_ISA_USAGE = YES_ERROR;
				CLANG_WARN_DOCUMENTATION_COMMENTS = YES;
				CLANG_WARN_EMPTY_BODY = YES;
				CLANG_WARN_ENUM_CONVERSION = YES;
				CLANG_WARN_INFINITE_RECURSION = YES;
				CLANG_WARN_INT_CONVERSION = YES;
				CLANG_WARN_NON_LITERAL_NULL_CONVERSION = YES;
				CLANG_WARN_OBJC_IMPLICIT_RETAIN_SELF = YES;
				CLANG_WARN_OBJC_LITERAL_CONVERSION = YES;
				CLANG_WARN_OBJC_ROOT_CLASS = YES_ERROR;
				CLANG_WARN_QUOTED_INCLUDE_IN_FRAMEWORK_HEADER = YES;
				CLANG_WARN_RANGE_LOOP_ANALYSIS = YES;
				CLANG_WARN_STRICT_PROTOTYPES = YES;
				CLANG_WARN_SUSPICIOUS_MOVE = YES;
				CLANG_WARN_UNGUARDED_AVAILABILITY = YES_AGGRESSIVE;
				CLANG_WARN_UNREACHABLE_CODE = YES;
				CLANG_WARN__DUPLICATE_METHOD_MATCH = YES;
				COPY_PHASE_STRIP = NO;
				DEBUG_INFORMATION_FORMAT = "dwarf-with-dsym";
				ENABLE_NS_ASSERTIONS = NO;
				ENABLE_STRICT_OBJC_MSGSEND = YES;
				ENABLE_USER_SCRIPT_SANDBOXING = YES;
				GCC_C_LANGUAGE_STANDARD = gnu17;
				GCC_NO_COMMON_BLOCKS = YES;
				GCC_WARN_64_TO_32_BIT_CONVERSION = YES;
				GCC_WARN_ABOUT_RETURN_TYPE = YES_ERROR;
				GCC_WARN_UNDECLARED_SELECTOR = YES;
				GCC_WARN_UNINITIALIZED_AUTOS = YES_AGGRESSIVE;
				GCC_WARN_UNUSED_FUNCTION = YES;
				GCC_WARN_UNUSED_VARIABLE = YES;
				IPHONEOS_DEPLOYMENT_TARGET = 17.0;
				LOCALIZATION_PREFERS_STRING_CATALOGS = YES;
				MTL_ENABLE_DEBUG_INFO = NO;
				MTL_FAST_MATH = YES;
				SDKROOT = iphoneos;
				SWIFT_COMPILATION_MODE = wholemodule;
				VALIDATE_PRODUCT = YES;
			};
			name = Release;
		};
		302769CA2AEDE02700B33074 /* Debug */ = {
			isa = XCBuildConfiguration;
			buildSettings = {
				ASSETCATALOG_COMPILER_APPICON_NAME = AppIcon;
				ASSETCATALOG_COMPILER_GLOBAL_ACCENT_COLOR_NAME = AccentColor;
				CODE_SIGN_ENTITLEMENTS = TicketCatcher/TicketCatcher.entitlements;
				CODE_SIGN_STYLE = Automatic;
				CURRENT_PROJECT_VERSION = 7;
				DEVELOPMENT_ASSET_PATHS = "\"TicketCatcher/Preview Content\"";
				DEVELOPMENT_TEAM = 6N94J8GW7F;
				ENABLE_PREVIEWS = YES;
				GENERATE_INFOPLIST_FILE = YES;
				INFOPLIST_FILE = TicketCatcher/Info.plist;
				INFOPLIST_KEY_CFBundleDisplayName = TicketCatcher;
				INFOPLIST_KEY_LSApplicationCategoryType = "public.app-category.utilities";
				INFOPLIST_KEY_NSCameraUsageDescription = "I need to access your camera to do the scanning.";
				INFOPLIST_KEY_UIApplicationSceneManifest_Generation = YES;
				INFOPLIST_KEY_UIApplicationSupportsIndirectInputEvents = YES;
				INFOPLIST_KEY_UILaunchStoryboardName = "Launch Screen.storyboard";
				INFOPLIST_KEY_UIRequiresFullScreen = YES;
				INFOPLIST_KEY_UISupportedInterfaceOrientations = UIInterfaceOrientationPortrait;
				LD_RUNPATH_SEARCH_PATHS = (
					"$(inherited)",
					"@executable_path/Frameworks",
				);
				MARKETING_VERSION = 1.0;
				PRODUCT_BUNDLE_IDENTIFIER = com.yzhang.TicketCatcher;
				PRODUCT_NAME = "$(TARGET_NAME)";
				SWIFT_EMIT_LOC_STRINGS = YES;
				SWIFT_VERSION = 5.0;
				TARGETED_DEVICE_FAMILY = "1,2";
			};
			name = Debug;
		};
		302769CB2AEDE02700B33074 /* Release */ = {
			isa = XCBuildConfiguration;
			buildSettings = {
				ASSETCATALOG_COMPILER_APPICON_NAME = AppIcon;
				ASSETCATALOG_COMPILER_GLOBAL_ACCENT_COLOR_NAME = AccentColor;
				CODE_SIGN_ENTITLEMENTS = TicketCatcher/TicketCatcher.entitlements;
				CODE_SIGN_STYLE = Automatic;
				CURRENT_PROJECT_VERSION = 7;
				DEVELOPMENT_ASSET_PATHS = "\"TicketCatcher/Preview Content\"";
				DEVELOPMENT_TEAM = 6N94J8GW7F;
				ENABLE_PREVIEWS = YES;
				GENERATE_INFOPLIST_FILE = YES;
				INFOPLIST_FILE = TicketCatcher/Info.plist;
				INFOPLIST_KEY_CFBundleDisplayName = TicketCatcher;
				INFOPLIST_KEY_LSApplicationCategoryType = "public.app-category.utilities";
				INFOPLIST_KEY_NSCameraUsageDescription = "I need to access your camera to do the scanning.";
				INFOPLIST_KEY_UIApplicationSceneManifest_Generation = YES;
				INFOPLIST_KEY_UIApplicationSupportsIndirectInputEvents = YES;
				INFOPLIST_KEY_UILaunchStoryboardName = "Launch Screen.storyboard";
				INFOPLIST_KEY_UIRequiresFullScreen = YES;
				INFOPLIST_KEY_UISupportedInterfaceOrientations = UIInterfaceOrientationPortrait;
				LD_RUNPATH_SEARCH_PATHS = (
					"$(inherited)",
					"@executable_path/Frameworks",
				);
				MARKETING_VERSION = 1.0;
				PRODUCT_BUNDLE_IDENTIFIER = com.yzhang.TicketCatcher;
				PRODUCT_NAME = "$(TARGET_NAME)";
				SWIFT_EMIT_LOC_STRINGS = YES;
				SWIFT_VERSION = 5.0;
				TARGETED_DEVICE_FAMILY = "1,2";
			};
			name = Release;
		};
/* End XCBuildConfiguration section */

/* Begin XCConfigurationList section */
		302769992AEDE02500B33074 /* Build configuration list for PBXProject "TicketCatcher" */ = {
			isa = XCConfigurationList;
			buildConfigurations = (
				302769C72AEDE02700B33074 /* Debug */,
				302769C82AEDE02700B33074 /* Release */,
			);
			defaultConfigurationIsVisible = 0;
			defaultConfigurationName = Release;
		};
		302769C92AEDE02700B33074 /* Build configuration list for PBXNativeTarget "TicketCatcher" */ = {
			isa = XCConfigurationList;
			buildConfigurations = (
				302769CA2AEDE02700B33074 /* Debug */,
				302769CB2AEDE02700B33074 /* Release */,
			);
			defaultConfigurationIsVisible = 0;
			defaultConfigurationName = Release;
		};
/* End XCConfigurationList section */
	};
	rootObject = 302769962AEDE02500B33074 /* Project object */;
}
